
Microsoft Visual Studio Solution File, Format Version 12.00
# Visual Studio 14
VisualStudioVersion = 14.0.24720.0
MinimumVisualStudioVersion = 10.0.40219.1
Project("{FAE04EC0-301F-11D3-BF4B-00C04F79EFBC}") = "BasketBall.WebApi", "BasketBall.WebApi\BasketBall.WebApi.csproj", "{BF1856E2-A07B-4B60-9828-63031F24537F}"
EndProject
Project("{FAE04EC0-301F-11D3-BF4B-00C04F79EFBC}") = "BasketBall.Data.basketball", "..\BasketBall.Data.basketball\BasketBall.Data.basketball\BasketBall.Data.basketball.csproj", "{0E914968-98D5-4E2F-AE88-33765E1587DE}"
EndProject
Global
	GlobalSection(SolutionConfigurationPlatforms) = preSolution
		Debug|Any CPU = Debug|Any CPU
		Release|Any CPU = Release|Any CPU
	EndGlobalSection
	GlobalSection(ProjectConfigurationPlatforms) = postSolution
		{BF1856E2-A07B-4B60-9828-63031F24537F}.Debug|Any CPU.ActiveCfg = Debug|Any CPU
		{BF1856E2-A07B-4B60-9828-63031F24537F}.Debug|Any CPU.Build.0 = Debug|Any CPU
		{BF1856E2-A07B-4B60-9828-63031F24537F}.Release|Any CPU.ActiveCfg = Release|Any CPU
		{BF1856E2-A07B-4B60-9828-63031F24537F}.Release|Any CPU.Build.0 = Release|Any CPU
		{0E914968-98D5-4E2F-AE88-33765E1587DE}.Debug|Any CPU.ActiveCfg = Debug|Any CPU
		{0E914968-98D5-4E2F-AE88-33765E1587DE}.Debug|Any CPU.Build.0 = Debug|Any CPU
		{0E914968-98D5-4E2F-AE88-33765E1587DE}.Release|Any CPU.ActiveCfg = Release|Any CPU
		{0E914968-98D5-4E2F-AE88-33765E1587DE}.Release|Any CPU.Build.0 = Release|Any CPU
	EndGlobalSection
	GlobalSection(SolutionProperties) = preSolution
		HideSolutionNode = FALSE
	EndGlobalSection
EndGlobal
